// !$*UTF8*$!
{
	archiveVersion = 1;
	classes = {
	};
	objectVersion = 46;
	objects = {

/* Begin PBXBuildFile section */
		1040A326F7C9696C621857AD /* easing_terms_of_use.html in Sources */ = {isa = PBXBuildFile; fileRef = 720F75E782F7CF1D3D8FA2C8 /* easing_terms_of_use.html */; };
		1A80A2FAA8198A92D6E6951D /* ofxXmlPoco.cpp in Sources */ = {isa = PBXBuildFile; fileRef = 56DC998851E98BDB4EDB0A38 /* ofxXmlPoco.cpp */; };
		E4328149138ABC9F0047C5CB /* openFrameworksDebug.a in Frameworks */ = {isa = PBXBuildFile; fileRef = E4328148138ABC890047C5CB /* openFrameworksDebug.a */; };
		E4B69E200A3A1BDC003C02F2 /* main.cpp in Sources */ = {isa = PBXBuildFile; fileRef = E4B69E1D0A3A1BDC003C02F2 /* main.cpp */; };
		E4B69E210A3A1BDC003C02F2 /* ofApp.cpp in Sources */ = {isa = PBXBuildFile; fileRef = E4B69E1E0A3A1BDC003C02F2 /* ofApp.cpp */; };
		F5E999528FCAE9D6A35EDC9D /* ofxAutoReloadedShader.cpp in Sources */ = {isa = PBXBuildFile; fileRef = 7C4BC837B3FB023D82B5168F /* ofxAutoReloadedShader.cpp */; };
/* End PBXBuildFile section */

/* Begin PBXContainerItemProxy section */
		E4328147138ABC890047C5CB /* PBXContainerItemProxy */ = {
			isa = PBXContainerItemProxy;
			containerPortal = E4328143138ABC890047C5CB /* openFrameworksLib.xcodeproj */;
			proxyType = 2;
			remoteGlobalIDString = E4B27C1510CBEB8E00536013;
			remoteInfo = openFrameworks;
		};
		E4EEB9AB138B136A00A80321 /* PBXContainerItemProxy */ = {
			isa = PBXContainerItemProxy;
			containerPortal = E4328143138ABC890047C5CB /* openFrameworksLib.xcodeproj */;
			proxyType = 1;
			remoteGlobalIDString = E4B27C1410CBEB8E00536013;
			remoteInfo = openFrameworks;
		};
/* End PBXContainerItemProxy section */

/* Begin PBXCopyFilesBuildPhase section */
		E4C2427710CC5ABF004149E2 /* CopyFiles */ = {
			isa = PBXCopyFilesBuildPhase;
			buildActionMask = 2147483647;
			dstPath = "";
			dstSubfolderSpec = 10;
			files = (
			);
			runOnlyForDeploymentPostprocessing = 0;
		};
/* End PBXCopyFilesBuildPhase section */

/* Begin PBXFileReference section */
		01138833E375020DA76A1385 /* ecdsa.h */ = {isa = PBXFileReference; explicitFileType = sourcecode.c.h; fileEncoding = 4; name = ecdsa.h; path = ../../../of_v0.10.0_osx_release/addons/ofxPoco/libs/openssl/include/openssl/ecdsa.h; sourceTree = SOURCE_ROOT; };
		019251CB0BBCF485603C255B /* pem.h */ = {isa = PBXFileReference; explicitFileType = sourcecode.c.h; fileEncoding = 4; name = pem.h; path = ../../../of_v0.10.0_osx_release/addons/ofxPoco/libs/openssl/include/openssl/pem.h; sourceTree = SOURCE_ROOT; };
		019850E0A3DA4DAA440EFA9A /* ecdh.h */ = {isa = PBXFileReference; explicitFileType = sourcecode.c.h; fileEncoding = 4; name = ecdh.h; path = ../../../of_v0.10.0_osx_release/addons/ofxPoco/libs/openssl/include/openssl/ecdh.h; sourceTree = SOURCE_ROOT; };
		0A233A8B00188F2B0DCA00E7 /* md5.h */ = {isa = PBXFileReference; explicitFileType = sourcecode.c.h; fileEncoding = 4; name = md5.h; path = ../../../of_v0.10.0_osx_release/addons/ofxPoco/libs/openssl/include/openssl/md5.h; sourceTree = SOURCE_ROOT; };
		0E29992CC373ECD567018C88 /* rc4.h */ = {isa = PBXFileReference; explicitFileType = sourcecode.c.h; fileEncoding = 4; name = rc4.h; path = ../../../of_v0.10.0_osx_release/addons/ofxPoco/libs/openssl/include/openssl/rc4.h; sourceTree = SOURCE_ROOT; };
		0E320E987354A406F0D053DD /* opensslv.h */ = {isa = PBXFileReference; explicitFileType = sourcecode.c.h; fileEncoding = 4; name = opensslv.h; path = ../../../of_v0.10.0_osx_release/addons/ofxPoco/libs/openssl/include/openssl/opensslv.h; sourceTree = SOURCE_ROOT; };
		0EA87DBCE003C8118B5438E8 /* ripemd.h */ = {isa = PBXFileReference; explicitFileType = sourcecode.c.h; fileEncoding = 4; name = ripemd.h; path = ../../../of_v0.10.0_osx_release/addons/ofxPoco/libs/openssl/include/openssl/ripemd.h; sourceTree = SOURCE_ROOT; };
		0FB0104EDE78FBE735BFADB9 /* objects.h */ = {isa = PBXFileReference; explicitFileType = sourcecode.c.h; fileEncoding = 4; name = objects.h; path = ../../../of_v0.10.0_osx_release/addons/ofxPoco/libs/openssl/include/openssl/objects.h; sourceTree = SOURCE_ROOT; };
		116F05DA470179D5B2362C96 /* ocsp.h */ = {isa = PBXFileReference; explicitFileType = sourcecode.c.h; fileEncoding = 4; name = ocsp.h; path = ../../../of_v0.10.0_osx_release/addons/ofxPoco/libs/openssl/include/openssl/ocsp.h; sourceTree = SOURCE_ROOT; };
		1289878C4E6A6B482A846129 /* pkcs12.h */ = {isa = PBXFileReference; explicitFileType = sourcecode.c.h; fileEncoding = 4; name = pkcs12.h; path = ../../../of_v0.10.0_osx_release/addons/ofxPoco/libs/openssl/include/openssl/pkcs12.h; sourceTree = SOURCE_ROOT; };
		1464FBC6A296685EB0270AE4 /* e_os2.h */ = {isa = PBXFileReference; explicitFileType = sourcecode.c.h; fileEncoding = 4; name = e_os2.h; path = ../../../of_v0.10.0_osx_release/addons/ofxPoco/libs/openssl/include/openssl/e_os2.h; sourceTree = SOURCE_ROOT; };
		1775B39002505F5C6D54A7B3 /* engine.h */ = {isa = PBXFileReference; explicitFileType = sourcecode.c.h; fileEncoding = 4; name = engine.h; path = ../../../of_v0.10.0_osx_release/addons/ofxPoco/libs/openssl/include/openssl/engine.h; sourceTree = SOURCE_ROOT; };
		1879681A7A300B0F39F4A888 /* blowfish.h */ = {isa = PBXFileReference; explicitFileType = sourcecode.c.h; fileEncoding = 4; name = blowfish.h; path = ../../../of_v0.10.0_osx_release/addons/ofxPoco/libs/openssl/include/openssl/blowfish.h; sourceTree = SOURCE_ROOT; };
		1CD8F25DC769E98F04B09848 /* stack.h */ = {isa = PBXFileReference; explicitFileType = sourcecode.c.h; fileEncoding = 4; name = stack.h; path = ../../../of_v0.10.0_osx_release/addons/ofxPoco/libs/openssl/include/openssl/stack.h; sourceTree = SOURCE_ROOT; };
		1DAB87D6FED120129CA2CE92 /* ebcdic.h */ = {isa = PBXFileReference; explicitFileType = sourcecode.c.h; fileEncoding = 4; name = ebcdic.h; path = ../../../of_v0.10.0_osx_release/addons/ofxPoco/libs/openssl/include/openssl/ebcdic.h; sourceTree = SOURCE_ROOT; };
		220E1F64915714B04A37D0A9 /* pkcs7.h */ = {isa = PBXFileReference; explicitFileType = sourcecode.c.h; fileEncoding = 4; name = pkcs7.h; path = ../../../of_v0.10.0_osx_release/addons/ofxPoco/libs/openssl/include/openssl/pkcs7.h; sourceTree = SOURCE_ROOT; };
		29CA3A542B17D4FE7201CC74 /* conf.h */ = {isa = PBXFileReference; explicitFileType = sourcecode.c.h; fileEncoding = 4; name = conf.h; path = ../../../of_v0.10.0_osx_release/addons/ofxPoco/libs/openssl/include/openssl/conf.h; sourceTree = SOURCE_ROOT; };
		2DA1C2EE583462A010B3073A /* mdc2.h */ = {isa = PBXFileReference; explicitFileType = sourcecode.c.h; fileEncoding = 4; name = mdc2.h; path = ../../../of_v0.10.0_osx_release/addons/ofxPoco/libs/openssl/include/openssl/mdc2.h; sourceTree = SOURCE_ROOT; };
		2DD5EC4BBCAB0E8F04896D6B /* md4.h */ = {isa = PBXFileReference; explicitFileType = sourcecode.c.h; fileEncoding = 4; name = md4.h; path = ../../../of_v0.10.0_osx_release/addons/ofxPoco/libs/openssl/include/openssl/md4.h; sourceTree = SOURCE_ROOT; };
		3578CF277D4DDF1B2CC479AB /* ofxXmlPoco.h */ = {isa = PBXFileReference; explicitFileType = sourcecode.c.h; fileEncoding = 4; name = ofxXmlPoco.h; path = ../../../of_v0.10.0_osx_release/addons/ofxPoco/src/ofxXmlPoco.h; sourceTree = SOURCE_ROOT; };
		36827F423EFB678C66972056 /* ui.h */ = {isa = PBXFileReference; explicitFileType = sourcecode.c.h; fileEncoding = 4; name = ui.h; path = ../../../of_v0.10.0_osx_release/addons/ofxPoco/libs/openssl/include/openssl/ui.h; sourceTree = SOURCE_ROOT; };
		37790AFB5DF4DCCC001A81A4 /* whrlpool.h */ = {isa = PBXFileReference; explicitFileType = sourcecode.c.h; fileEncoding = 4; name = whrlpool.h; path = ../../../of_v0.10.0_osx_release/addons/ofxPoco/libs/openssl/include/openssl/whrlpool.h; sourceTree = SOURCE_ROOT; };
		39B3324FC45DC253D3CFAA56 /* opensslconf_osx.h */ = {isa = PBXFileReference; explicitFileType = sourcecode.c.h; fileEncoding = 4; name = opensslconf_osx.h; path = ../../../of_v0.10.0_osx_release/addons/ofxPoco/libs/openssl/include/openssl/opensslconf_osx.h; sourceTree = SOURCE_ROOT; };
		3CCA773A5DC462CD01844F81 /* buffer.h */ = {isa = PBXFileReference; explicitFileType = sourcecode.c.h; fileEncoding = 4; name = buffer.h; path = ../../../of_v0.10.0_osx_release/addons/ofxPoco/libs/openssl/include/openssl/buffer.h; sourceTree = SOURCE_ROOT; };
		414E3AD289083B593DC7C3BB /* asn1_mac.h */ = {isa = PBXFileReference; explicitFileType = sourcecode.c.h; fileEncoding = 4; name = asn1_mac.h; path = ../../../of_v0.10.0_osx_release/addons/ofxPoco/libs/openssl/include/openssl/asn1_mac.h; sourceTree = SOURCE_ROOT; };
		439C83ACD4D271AE60C81B68 /* x509.h */ = {isa = PBXFileReference; explicitFileType = sourcecode.c.h; fileEncoding = 4; name = x509.h; path = ../../../of_v0.10.0_osx_release/addons/ofxPoco/libs/openssl/include/openssl/x509.h; sourceTree = SOURCE_ROOT; };
		4703EDDE38B0349136C217C3 /* ofxEasing.h */ = {isa = PBXFileReference; explicitFileType = sourcecode.c.h; fileEncoding = 4; name = ofxEasing.h; path = ../../../of_v0.10.0_osx_release/addons/ofxEasing/src/ofxEasing.h; sourceTree = SOURCE_ROOT; };
		48509E7D9FE86C2C6B30AB6F /* asn1.h */ = {isa = PBXFileReference; explicitFileType = sourcecode.c.h; fileEncoding = 4; name = asn1.h; path = ../../../of_v0.10.0_osx_release/addons/ofxPoco/libs/openssl/include/openssl/asn1.h; sourceTree = SOURCE_ROOT; };
		4A16C7F42CDDBE02F557EC85 /* safestack.h */ = {isa = PBXFileReference; explicitFileType = sourcecode.c.h; fileEncoding = 4; name = safestack.h; path = ../../../of_v0.10.0_osx_release/addons/ofxPoco/libs/openssl/include/openssl/safestack.h; sourceTree = SOURCE_ROOT; };
		5174C5AB5520F37AAA354FA3 /* rand.h */ = {isa = PBXFileReference; explicitFileType = sourcecode.c.h; fileEncoding = 4; name = rand.h; path = ../../../of_v0.10.0_osx_release/addons/ofxPoco/libs/openssl/include/openssl/rand.h; sourceTree = SOURCE_ROOT; };
		55FD3CB07D3812F361F9DEF8 /* rc2.h */ = {isa = PBXFileReference; explicitFileType = sourcecode.c.h; fileEncoding = 4; name = rc2.h; path = ../../../of_v0.10.0_osx_release/addons/ofxPoco/libs/openssl/include/openssl/rc2.h; sourceTree = SOURCE_ROOT; };
		56DC998851E98BDB4EDB0A38 /* ofxXmlPoco.cpp */ = {isa = PBXFileReference; explicitFileType = sourcecode.cpp.cpp; fileEncoding = 4; name = ofxXmlPoco.cpp; path = ../../../of_v0.10.0_osx_release/addons/ofxPoco/src/ofxXmlPoco.cpp; sourceTree = SOURCE_ROOT; };
		5A5C6D6ADE072374A6CE52B9 /* ssl.h */ = {isa = PBXFileReference; explicitFileType = sourcecode.c.h; fileEncoding = 4; name = ssl.h; path = ../../../of_v0.10.0_osx_release/addons/ofxPoco/libs/openssl/include/openssl/ssl.h; sourceTree = SOURCE_ROOT; };
		5ED69F62F2F31591E82BC4F5 /* crypto.h */ = {isa = PBXFileReference; explicitFileType = sourcecode.c.h; fileEncoding = 4; name = crypto.h; path = ../../../of_v0.10.0_osx_release/addons/ofxPoco/libs/openssl/include/openssl/crypto.h; sourceTree = SOURCE_ROOT; };
		63E374CAFDE68162CC490C04 /* err.h */ = {isa = PBXFileReference; explicitFileType = sourcecode.c.h; fileEncoding = 4; name = err.h; path = ../../../of_v0.10.0_osx_release/addons/ofxPoco/libs/openssl/include/openssl/err.h; sourceTree = SOURCE_ROOT; };
		720F75E782F7CF1D3D8FA2C8 /* easing_terms_of_use.html */ = {isa = PBXFileReference; explicitFileType = file; fileEncoding = 4; name = easing_terms_of_use.html; path = ../../../of_v0.10.0_osx_release/addons/ofxEasing/src/easing_terms_of_use.html; sourceTree = SOURCE_ROOT; };
		72391EA07D59C07B8D307782 /* async.h */ = {isa = PBXFileReference; explicitFileType = sourcecode.c.h; fileEncoding = 4; name = async.h; path = ../../../of_v0.10.0_osx_release/addons/ofxPoco/libs/openssl/include/openssl/async.h; sourceTree = SOURCE_ROOT; };
		737773FE8143611BD60D8AB3 /* ofxAutoReloadedShader.h */ = {isa = PBXFileReference; explicitFileType = sourcecode.c.h; fileEncoding = 4; name = ofxAutoReloadedShader.h; path = ../../../of_v0.10.0_osx_release/addons/ofxAutoReloadedShader/src/ofxAutoReloadedShader.h; sourceTree = SOURCE_ROOT; };
		75CCA4EA28EBAF73B2935D67 /* ssl3.h */ = {isa = PBXFileReference; explicitFileType = sourcecode.c.h; fileEncoding = 4; name = ssl3.h; path = ../../../of_v0.10.0_osx_release/addons/ofxPoco/libs/openssl/include/openssl/ssl3.h; sourceTree = SOURCE_ROOT; };
		75F33078C38BDDB42AA3E564 /* cmac.h */ = {isa = PBXFileReference; explicitFileType = sourcecode.c.h; fileEncoding = 4; name = cmac.h; path = ../../../of_v0.10.0_osx_release/addons/ofxPoco/libs/openssl/include/openssl/cmac.h; sourceTree = SOURCE_ROOT; };
		7A7F5C43FF4F656FB431E52E /* conf_api.h */ = {isa = PBXFileReference; explicitFileType = sourcecode.c.h; fileEncoding = 4; name = conf_api.h; path = ../../../of_v0.10.0_osx_release/addons/ofxPoco/libs/openssl/include/openssl/conf_api.h; sourceTree = SOURCE_ROOT; };
		7BE2250498B52FE4D8E837D3 /* rc5.h */ = {isa = PBXFileReference; explicitFileType = sourcecode.c.h; fileEncoding = 4; name = rc5.h; path = ../../../of_v0.10.0_osx_release/addons/ofxPoco/libs/openssl/include/openssl/rc5.h; sourceTree = SOURCE_ROOT; };
		7C4BC837B3FB023D82B5168F /* ofxAutoReloadedShader.cpp */ = {isa = PBXFileReference; explicitFileType = sourcecode.cpp.cpp; fileEncoding = 4; name = ofxAutoReloadedShader.cpp; path = ../../../of_v0.10.0_osx_release/addons/ofxAutoReloadedShader/src/ofxAutoReloadedShader.cpp; sourceTree = SOURCE_ROOT; };
		7EF2A067E21BCB9319EB3D8E /* obj_mac.h */ = {isa = PBXFileReference; explicitFileType = sourcecode.c.h; fileEncoding = 4; name = obj_mac.h; path = ../../../of_v0.10.0_osx_release/addons/ofxPoco/libs/openssl/include/openssl/obj_mac.h; sourceTree = SOURCE_ROOT; };
		88A42A6D16DF5F3EE3C6AF45 /* tls1.h */ = {isa = PBXFileReference; explicitFileType = sourcecode.c.h; fileEncoding = 4; name = tls1.h; path = ../../../of_v0.10.0_osx_release/addons/ofxPoco/libs/openssl/include/openssl/tls1.h; sourceTree = SOURCE_ROOT; };
		8D0F291A99ADDA207C8F2304 /* dsa.h */ = {isa = PBXFileReference; explicitFileType = sourcecode.c.h; fileEncoding = 4; name = dsa.h; path = ../../../of_v0.10.0_osx_release/addons/ofxPoco/libs/openssl/include/openssl/dsa.h; sourceTree = SOURCE_ROOT; };
		8EB7BE3A0C0C6FE162835989 /* bio.h */ = {isa = PBXFileReference; explicitFileType = sourcecode.c.h; fileEncoding = 4; name = bio.h; path = ../../../of_v0.10.0_osx_release/addons/ofxPoco/libs/openssl/include/openssl/bio.h; sourceTree = SOURCE_ROOT; };
		8F25421CA9366DAC21E85E99 /* evp.h */ = {isa = PBXFileReference; explicitFileType = sourcecode.c.h; fileEncoding = 4; name = evp.h; path = ../../../of_v0.10.0_osx_release/addons/ofxPoco/libs/openssl/include/openssl/evp.h; sourceTree = SOURCE_ROOT; };
		8FE974CA8F5082893E86AFC3 /* lhash.h */ = {isa = PBXFileReference; explicitFileType = sourcecode.c.h; fileEncoding = 4; name = lhash.h; path = ../../../of_v0.10.0_osx_release/addons/ofxPoco/libs/openssl/include/openssl/lhash.h; sourceTree = SOURCE_ROOT; };
		91BAA10C29FE5704BF08D93A /* pem2.h */ = {isa = PBXFileReference; explicitFileType = sourcecode.c.h; fileEncoding = 4; name = pem2.h; path = ../../../of_v0.10.0_osx_release/addons/ofxPoco/libs/openssl/include/openssl/pem2.h; sourceTree = SOURCE_ROOT; };
		93105A8136625BFC0D33CA7C /* asn1t.h */ = {isa = PBXFileReference; explicitFileType = sourcecode.c.h; fileEncoding = 4; name = asn1t.h; path = ../../../of_v0.10.0_osx_release/addons/ofxPoco/libs/openssl/include/openssl/asn1t.h; sourceTree = SOURCE_ROOT; };
		9C4EB8715C2441FAA4A39A6B /* dtls1.h */ = {isa = PBXFileReference; explicitFileType = sourcecode.c.h; fileEncoding = 4; name = dtls1.h; path = ../../../of_v0.10.0_osx_release/addons/ofxPoco/libs/openssl/include/openssl/dtls1.h; sourceTree = SOURCE_ROOT; };
		9F524CAA780DBE5C0F8E3395 /* bn.h */ = {isa = PBXFileReference; explicitFileType = sourcecode.c.h; fileEncoding = 4; name = bn.h; path = ../../../of_v0.10.0_osx_release/addons/ofxPoco/libs/openssl/include/openssl/bn.h; sourceTree = SOURCE_ROOT; };
		A1085F81816F6BACBA3EAF8A /* des.h */ = {isa = PBXFileReference; explicitFileType = sourcecode.c.h; fileEncoding = 4; name = des.h; path = ../../../of_v0.10.0_osx_release/addons/ofxPoco/libs/openssl/include/openssl/des.h; sourceTree = SOURCE_ROOT; };
		A2BB3FEAFCF425D482E5D164 /* ct.h */ = {isa = PBXFileReference; explicitFileType = sourcecode.c.h; fileEncoding = 4; name = ct.h; path = ../../../of_v0.10.0_osx_release/addons/ofxPoco/libs/openssl/include/openssl/ct.h; sourceTree = SOURCE_ROOT; };
		A2F6DC2B711DB344C6106E63 /* ossl_typ.h */ = {isa = PBXFileReference; explicitFileType = sourcecode.c.h; fileEncoding = 4; name = ossl_typ.h; path = ../../../of_v0.10.0_osx_release/addons/ofxPoco/libs/openssl/include/openssl/ossl_typ.h; sourceTree = SOURCE_ROOT; };
		A4706E39F2BCBFA287CE0444 /* md2.h */ = {isa = PBXFileReference; explicitFileType = sourcecode.c.h; fileEncoding = 4; name = md2.h; path = ../../../of_v0.10.0_osx_release/addons/ofxPoco/libs/openssl/include/openssl/md2.h; sourceTree = SOURCE_ROOT; };
		ACFE569179D720556BAFAF36 /* camellia.h */ = {isa = PBXFileReference; explicitFileType = sourcecode.c.h; fileEncoding = 4; name = camellia.h; path = ../../../of_v0.10.0_osx_release/addons/ofxPoco/libs/openssl/include/openssl/camellia.h; sourceTree = SOURCE_ROOT; };
		AEF8616A255D3670C910900E /* comp.h */ = {isa = PBXFileReference; explicitFileType = sourcecode.c.h; fileEncoding = 4; name = comp.h; path = ../../../of_v0.10.0_osx_release/addons/ofxPoco/libs/openssl/include/openssl/comp.h; sourceTree = SOURCE_ROOT; };
		AF5ADDA09F05181FF63B931A /* seed.h */ = {isa = PBXFileReference; explicitFileType = sourcecode.c.h; fileEncoding = 4; name = seed.h; path = ../../../of_v0.10.0_osx_release/addons/ofxPoco/libs/openssl/include/openssl/seed.h; sourceTree = SOURCE_ROOT; };
		B2D8CA59833D0F3D1DC559D0 /* kdf.h */ = {isa = PBXFileReference; explicitFileType = sourcecode.c.h; fileEncoding = 4; name = kdf.h; path = ../../../of_v0.10.0_osx_release/addons/ofxPoco/libs/openssl/include/openssl/kdf.h; sourceTree = SOURCE_ROOT; };
		B3765E632E9DA0776DD83613 /* srtp.h */ = {isa = PBXFileReference; explicitFileType = sourcecode.c.h; fileEncoding = 4; name = srtp.h; path = ../../../of_v0.10.0_osx_release/addons/ofxPoco/libs/openssl/include/openssl/srtp.h; sourceTree = SOURCE_ROOT; };
		B4BEC194304581592020FB13 /* sha.h */ = {isa = PBXFileReference; explicitFileType = sourcecode.c.h; fileEncoding = 4; name = sha.h; path = ../../../of_v0.10.0_osx_release/addons/ofxPoco/libs/openssl/include/openssl/sha.h; sourceTree = SOURCE_ROOT; };
		BBCEBA6E19A9B09A46461F5B /* hmac.h */ = {isa = PBXFileReference; explicitFileType = sourcecode.c.h; fileEncoding = 4; name = hmac.h; path = ../../../of_v0.10.0_osx_release/addons/ofxPoco/libs/openssl/include/openssl/hmac.h; sourceTree = SOURCE_ROOT; };
		BF04A3AFBE1F02B98BCDACE0 /* x509_vfy.h */ = {isa = PBXFileReference; explicitFileType = sourcecode.c.h; fileEncoding = 4; name = x509_vfy.h; path = ../../../of_v0.10.0_osx_release/addons/ofxPoco/libs/openssl/include/openssl/x509_vfy.h; sourceTree = SOURCE_ROOT; };
		C0829D1A8335F49E8823630E /* symhacks.h */ = {isa = PBXFileReference; explicitFileType = sourcecode.c.h; fileEncoding = 4; name = symhacks.h; path = ../../../of_v0.10.0_osx_release/addons/ofxPoco/libs/openssl/include/openssl/symhacks.h; sourceTree = SOURCE_ROOT; };
		C123E7049CB07CE1C97E163E /* ec.h */ = {isa = PBXFileReference; explicitFileType = sourcecode.c.h; fileEncoding = 4; name = ec.h; path = ../../../of_v0.10.0_osx_release/addons/ofxPoco/libs/openssl/include/openssl/ec.h; sourceTree = SOURCE_ROOT; };
		C8029198894448F1B3C1DE40 /* rsa.h */ = {isa = PBXFileReference; explicitFileType = sourcecode.c.h; fileEncoding = 4; name = rsa.h; path = ../../../of_v0.10.0_osx_release/addons/ofxPoco/libs/openssl/include/openssl/rsa.h; sourceTree = SOURCE_ROOT; };
		CBEAD6C5342E2C1DC076CB25 /* dh.h */ = {isa = PBXFileReference; explicitFileType = sourcecode.c.h; fileEncoding = 4; name = dh.h; path = ../../../of_v0.10.0_osx_release/addons/ofxPoco/libs/openssl/include/openssl/dh.h; sourceTree = SOURCE_ROOT; };
		CEF154063BC3C35EE27356CA /* x509v3.h */ = {isa = PBXFileReference; explicitFileType = sourcecode.c.h; fileEncoding = 4; name = x509v3.h; path = ../../../of_v0.10.0_osx_release/addons/ofxPoco/libs/openssl/include/openssl/x509v3.h; sourceTree = SOURCE_ROOT; };
		CFAAD5968358A34003F85A77 /* txt_db.h */ = {isa = PBXFileReference; explicitFileType = sourcecode.c.h; fileEncoding = 4; name = txt_db.h; path = ../../../of_v0.10.0_osx_release/addons/ofxPoco/libs/openssl/include/openssl/txt_db.h; sourceTree = SOURCE_ROOT; };
		D17763D376F06509C0926F0C /* cast.h */ = {isa = PBXFileReference; explicitFileType = sourcecode.c.h; fileEncoding = 4; name = cast.h; path = ../../../of_v0.10.0_osx_release/addons/ofxPoco/libs/openssl/include/openssl/cast.h; sourceTree = SOURCE_ROOT; };
		D3049A1A21195A3D9357DCDA /* idea.h */ = {isa = PBXFileReference; explicitFileType = sourcecode.c.h; fileEncoding = 4; name = idea.h; path = ../../../of_v0.10.0_osx_release/addons/ofxPoco/libs/openssl/include/openssl/idea.h; sourceTree = SOURCE_ROOT; };
		D3E1DD4FEB148548EF611153 /* srp.h */ = {isa = PBXFileReference; explicitFileType = sourcecode.c.h; fileEncoding = 4; name = srp.h; path = ../../../of_v0.10.0_osx_release/addons/ofxPoco/libs/openssl/include/openssl/srp.h; sourceTree = SOURCE_ROOT; };
		E4328143138ABC890047C5CB /* openFrameworksLib.xcodeproj */ = {isa = PBXFileReference; lastKnownFileType = "wrapper.pb-project"; name = openFrameworksLib.xcodeproj; path = ../../../of_v0.10.0_osx_release/libs/openFrameworksCompiled/project/osx/openFrameworksLib.xcodeproj; sourceTree = SOURCE_ROOT; };
		E4B69B5B0A3A1756003C02F2 /* ApproachingStarDebug.app */ = {isa = PBXFileReference; explicitFileType = wrapper.application; includeInIndex = 0; path = ApproachingStarDebug.app; sourceTree = BUILT_PRODUCTS_DIR; };
		E4B69E1D0A3A1BDC003C02F2 /* main.cpp */ = {isa = PBXFileReference; fileEncoding = 4; lastKnownFileType = sourcecode.cpp.cpp; name = main.cpp; path = src/main.cpp; sourceTree = SOURCE_ROOT; };
		E4B69E1E0A3A1BDC003C02F2 /* ofApp.cpp */ = {isa = PBXFileReference; explicitFileType = sourcecode.cpp.cpp; fileEncoding = 4; name = ofApp.cpp; path = src/ofApp.cpp; sourceTree = SOURCE_ROOT; };
		E4B69E1F0A3A1BDC003C02F2 /* ofApp.h */ = {isa = PBXFileReference; fileEncoding = 4; lastKnownFileType = sourcecode.c.h; name = ofApp.h; path = src/ofApp.h; sourceTree = SOURCE_ROOT; };
		E4B6FCAD0C3E899E008CF71C /* openFrameworks-Info.plist */ = {isa = PBXFileReference; fileEncoding = 4; lastKnownFileType = text.plist.xml; path = "openFrameworks-Info.plist"; sourceTree = "<group>"; };
		E4EB691F138AFCF100A09F29 /* CoreOF.xcconfig */ = {isa = PBXFileReference; fileEncoding = 4; lastKnownFileType = text.xcconfig; name = CoreOF.xcconfig; path = ../../../of_v0.10.0_osx_release/libs/openFrameworksCompiled/project/osx/CoreOF.xcconfig; sourceTree = SOURCE_ROOT; };
		E4EB6923138AFD0F00A09F29 /* Project.xcconfig */ = {isa = PBXFileReference; fileEncoding = 4; lastKnownFileType = text.xcconfig; path = Project.xcconfig; sourceTree = "<group>"; };
		E7DE9BC15351185CE632E95B /* ts.h */ = {isa = PBXFileReference; explicitFileType = sourcecode.c.h; fileEncoding = 4; name = ts.h; path = ../../../of_v0.10.0_osx_release/addons/ofxPoco/libs/openssl/include/openssl/ts.h; sourceTree = SOURCE_ROOT; };
		EBB4AA49B7F44F54ED342509 /* aes.h */ = {isa = PBXFileReference; explicitFileType = sourcecode.c.h; fileEncoding = 4; name = aes.h; path = ../../../of_v0.10.0_osx_release/addons/ofxPoco/libs/openssl/include/openssl/aes.h; sourceTree = SOURCE_ROOT; };
		F0BF988111929DCAE207B0A1 /* opensslconf.h */ = {isa = PBXFileReference; explicitFileType = sourcecode.c.h; fileEncoding = 4; name = opensslconf.h; path = ../../../of_v0.10.0_osx_release/addons/ofxPoco/libs/openssl/include/openssl/opensslconf.h; sourceTree = SOURCE_ROOT; };
		F2AA8CA773B773B80A4849F7 /* cms.h */ = {isa = PBXFileReference; explicitFileType = sourcecode.c.h; fileEncoding = 4; name = cms.h; path = ../../../of_v0.10.0_osx_release/addons/ofxPoco/libs/openssl/include/openssl/cms.h; sourceTree = SOURCE_ROOT; };
		F920829EDAC8605B413DF1E8 /* modes.h */ = {isa = PBXFileReference; explicitFileType = sourcecode.c.h; fileEncoding = 4; name = modes.h; path = ../../../of_v0.10.0_osx_release/addons/ofxPoco/libs/openssl/include/openssl/modes.h; sourceTree = SOURCE_ROOT; };
		FFA18BCFC30EF712BE3E31B3 /* ssl2.h */ = {isa = PBXFileReference; explicitFileType = sourcecode.c.h; fileEncoding = 4; name = ssl2.h; path = ../../../of_v0.10.0_osx_release/addons/ofxPoco/libs/openssl/include/openssl/ssl2.h; sourceTree = SOURCE_ROOT; };
/* End PBXFileReference section */

/* Begin PBXFrameworksBuildPhase section */
		E4B69B590A3A1756003C02F2 /* Frameworks */ = {
			isa = PBXFrameworksBuildPhase;
			buildActionMask = 2147483647;
			files = (
				E4328149138ABC9F0047C5CB /* openFrameworksDebug.a in Frameworks */,
			);
			runOnlyForDeploymentPostprocessing = 0;
		};
/* End PBXFrameworksBuildPhase section */

/* Begin PBXGroup section */
		0117D94CE0C695E5E5482BEC /* ofxPoco */ = {
			isa = PBXGroup;
			children = (
				0EFE45161A4E28BDE46D84D0 /* src */,
				959BC13926B6C962531CEF17 /* libs */,
			);
			name = ofxPoco;
			sourceTree = "<group>";
		};
		0D0595A62FF5ED8D37029107 /* ofxEasing */ = {
			isa = PBXGroup;
			children = (
				E78F8991E56DEF594815BB53 /* src */,
			);
			name = ofxEasing;
			sourceTree = "<group>";
		};
		0EFE45161A4E28BDE46D84D0 /* src */ = {
			isa = PBXGroup;
			children = (
				56DC998851E98BDB4EDB0A38 /* ofxXmlPoco.cpp */,
				3578CF277D4DDF1B2CC479AB /* ofxXmlPoco.h */,
			);
			name = src;
			sourceTree = "<group>";
		};
		13C2436A78CDB4354594CA7D /* include */ = {
			isa = PBXGroup;
			children = (
				70E25EBAAB745F09329DDB44 /* openssl */,
			);
			name = include;
			sourceTree = "<group>";
		};
		348096EAEFAC358FDD5E584A /* src */ = {
			isa = PBXGroup;
			children = (
				7C4BC837B3FB023D82B5168F /* ofxAutoReloadedShader.cpp */,
				737773FE8143611BD60D8AB3 /* ofxAutoReloadedShader.h */,
			);
			name = src;
			sourceTree = "<group>";
		};
		38A85F4B8B6D987F0B0390B2 /* ofxAutoReloadedShader */ = {
			isa = PBXGroup;
			children = (
				348096EAEFAC358FDD5E584A /* src */,
			);
			name = ofxAutoReloadedShader;
			sourceTree = "<group>";
		};
		6948EE371B920CB800B5AC1A /* local_addons */ = {
			isa = PBXGroup;
			children = (
			);
			name = local_addons;
			sourceTree = "<group>";
		};
		70E25EBAAB745F09329DDB44 /* openssl */ = {
			isa = PBXGroup;
			children = (
				91BAA10C29FE5704BF08D93A /* pem2.h */,
				B2D8CA59833D0F3D1DC559D0 /* kdf.h */,
				019251CB0BBCF485603C255B /* pem.h */,
				A4706E39F2BCBFA287CE0444 /* md2.h */,
				75CCA4EA28EBAF73B2935D67 /* ssl3.h */,
				A2F6DC2B711DB344C6106E63 /* ossl_typ.h */,
				9C4EB8715C2441FAA4A39A6B /* dtls1.h */,
				63E374CAFDE68162CC490C04 /* err.h */,
				9F524CAA780DBE5C0F8E3395 /* bn.h */,
				1879681A7A300B0F39F4A888 /* blowfish.h */,
				F2AA8CA773B773B80A4849F7 /* cms.h */,
				1775B39002505F5C6D54A7B3 /* engine.h */,
				39B3324FC45DC253D3CFAA56 /* opensslconf_osx.h */,
				7A7F5C43FF4F656FB431E52E /* conf_api.h */,
				439C83ACD4D271AE60C81B68 /* x509.h */,
				414E3AD289083B593DC7C3BB /* asn1_mac.h */,
				36827F423EFB678C66972056 /* ui.h */,
				B4BEC194304581592020FB13 /* sha.h */,
				C0829D1A8335F49E8823630E /* symhacks.h */,
				48509E7D9FE86C2C6B30AB6F /* asn1.h */,
				F0BF988111929DCAE207B0A1 /* opensslconf.h */,
				8EB7BE3A0C0C6FE162835989 /* bio.h */,
				55FD3CB07D3812F361F9DEF8 /* rc2.h */,
				CBEAD6C5342E2C1DC076CB25 /* dh.h */,
				CEF154063BC3C35EE27356CA /* x509v3.h */,
				29CA3A542B17D4FE7201CC74 /* conf.h */,
				0A233A8B00188F2B0DCA00E7 /* md5.h */,
				BF04A3AFBE1F02B98BCDACE0 /* x509_vfy.h */,
				CFAAD5968358A34003F85A77 /* txt_db.h */,
				4A16C7F42CDDBE02F557EC85 /* safestack.h */,
				01138833E375020DA76A1385 /* ecdsa.h */,
				7BE2250498B52FE4D8E837D3 /* rc5.h */,
				0FB0104EDE78FBE735BFADB9 /* objects.h */,
				1289878C4E6A6B482A846129 /* pkcs12.h */,
				5ED69F62F2F31591E82BC4F5 /* crypto.h */,
				0E320E987354A406F0D053DD /* opensslv.h */,
				220E1F64915714B04A37D0A9 /* pkcs7.h */,
				7EF2A067E21BCB9319EB3D8E /* obj_mac.h */,
				A2BB3FEAFCF425D482E5D164 /* ct.h */,
				72391EA07D59C07B8D307782 /* async.h */,
				3CCA773A5DC462CD01844F81 /* buffer.h */,
				5A5C6D6ADE072374A6CE52B9 /* ssl.h */,
				D3E1DD4FEB148548EF611153 /* srp.h */,
				ACFE569179D720556BAFAF36 /* camellia.h */,
				8F25421CA9366DAC21E85E99 /* evp.h */,
				1464FBC6A296685EB0270AE4 /* e_os2.h */,
				2DD5EC4BBCAB0E8F04896D6B /* md4.h */,
				BBCEBA6E19A9B09A46461F5B /* hmac.h */,
				EBB4AA49B7F44F54ED342509 /* aes.h */,
				AEF8616A255D3670C910900E /* comp.h */,
				D17763D376F06509C0926F0C /* cast.h */,
				0E29992CC373ECD567018C88 /* rc4.h */,
				1CD8F25DC769E98F04B09848 /* stack.h */,
				A1085F81816F6BACBA3EAF8A /* des.h */,
				116F05DA470179D5B2362C96 /* ocsp.h */,
				C123E7049CB07CE1C97E163E /* ec.h */,
				019850E0A3DA4DAA440EFA9A /* ecdh.h */,
				5174C5AB5520F37AAA354FA3 /* rand.h */,
				E7DE9BC15351185CE632E95B /* ts.h */,
				AF5ADDA09F05181FF63B931A /* seed.h */,
				F920829EDAC8605B413DF1E8 /* modes.h */,
				FFA18BCFC30EF712BE3E31B3 /* ssl2.h */,
				C8029198894448F1B3C1DE40 /* rsa.h */,
				0EA87DBCE003C8118B5438E8 /* ripemd.h */,
				37790AFB5DF4DCCC001A81A4 /* whrlpool.h */,
				88A42A6D16DF5F3EE3C6AF45 /* tls1.h */,
				2DA1C2EE583462A010B3073A /* mdc2.h */,
				8D0F291A99ADDA207C8F2304 /* dsa.h */,
				B3765E632E9DA0776DD83613 /* srtp.h */,
				93105A8136625BFC0D33CA7C /* asn1t.h */,
				75F33078C38BDDB42AA3E564 /* cmac.h */,
				1DAB87D6FED120129CA2CE92 /* ebcdic.h */,
				D3049A1A21195A3D9357DCDA /* idea.h */,
				8FE974CA8F5082893E86AFC3 /* lhash.h */,
			);
			name = openssl;
			sourceTree = "<group>";
		};
		959BC13926B6C962531CEF17 /* libs */ = {
			isa = PBXGroup;
			children = (
				B2C98B62869583DB9FE30DA7 /* openssl */,
			);
			name = libs;
			sourceTree = "<group>";
		};
		B2C98B62869583DB9FE30DA7 /* openssl */ = {
			isa = PBXGroup;
			children = (
				13C2436A78CDB4354594CA7D /* include */,
			);
			name = openssl;
			sourceTree = "<group>";
		};
		BB4B014C10F69532006C3DED /* addons */ = {
			isa = PBXGroup;
			children = (
				38A85F4B8B6D987F0B0390B2 /* ofxAutoReloadedShader */,
				0D0595A62FF5ED8D37029107 /* ofxEasing */,
				0117D94CE0C695E5E5482BEC /* ofxPoco */,
			);
			name = addons;
			sourceTree = "<group>";
		};
		E4328144138ABC890047C5CB /* Products */ = {
			isa = PBXGroup;
			children = (
				E4328148138ABC890047C5CB /* openFrameworksDebug.a */,
			);
			name = Products;
			sourceTree = "<group>";
		};
		E4B69B4A0A3A1720003C02F2 = {
			isa = PBXGroup;
			children = (
				E4B6FCAD0C3E899E008CF71C /* openFrameworks-Info.plist */,
				E4EB6923138AFD0F00A09F29 /* Project.xcconfig */,
				E4B69E1C0A3A1BDC003C02F2 /* src */,
				E4EEC9E9138DF44700A80321 /* openFrameworks */,
				BB4B014C10F69532006C3DED /* addons */,
				6948EE371B920CB800B5AC1A /* local_addons */,
				E4B69B5B0A3A1756003C02F2 /* ApproachingStarDebug.app */,
			);
			sourceTree = "<group>";
		};
		E4B69E1C0A3A1BDC003C02F2 /* src */ = {
			isa = PBXGroup;
			children = (
				E4B69E1D0A3A1BDC003C02F2 /* main.cpp */,
				E4B69E1E0A3A1BDC003C02F2 /* ofApp.cpp */,
				E4B69E1F0A3A1BDC003C02F2 /* ofApp.h */,
			);
			path = src;
			sourceTree = SOURCE_ROOT;
		};
		E4EEC9E9138DF44700A80321 /* openFrameworks */ = {
			isa = PBXGroup;
			children = (
				E4EB691F138AFCF100A09F29 /* CoreOF.xcconfig */,
				E4328143138ABC890047C5CB /* openFrameworksLib.xcodeproj */,
			);
			name = openFrameworks;
			sourceTree = "<group>";
		};
		E78F8991E56DEF594815BB53 /* src */ = {
			isa = PBXGroup;
			children = (
				720F75E782F7CF1D3D8FA2C8 /* easing_terms_of_use.html */,
				4703EDDE38B0349136C217C3 /* ofxEasing.h */,
			);
			name = src;
			sourceTree = "<group>";
		};
/* End PBXGroup section */

/* Begin PBXNativeTarget section */
		E4B69B5A0A3A1756003C02F2 /* ApproachingStar */ = {
			isa = PBXNativeTarget;
			buildConfigurationList = E4B69B5F0A3A1757003C02F2 /* Build configuration list for PBXNativeTarget "ApproachingStar" */;
			buildPhases = (
				E4B69B580A3A1756003C02F2 /* Sources */,
				E4B69B590A3A1756003C02F2 /* Frameworks */,
				E4B6FFFD0C3F9AB9008CF71C /* ShellScript */,
				E4C2427710CC5ABF004149E2 /* CopyFiles */,
				8466F1851C04CA0E00918B1C /* ShellScript */,
			);
			buildRules = (
			);
			dependencies = (
				E4EEB9AC138B136A00A80321 /* PBXTargetDependency */,
			);
			name = ApproachingStar;
			productName = myOFApp;
			productReference = E4B69B5B0A3A1756003C02F2 /* ApproachingStarDebug.app */;
			productType = "com.apple.product-type.application";
		};
/* End PBXNativeTarget section */

/* Begin PBXProject section */
		E4B69B4C0A3A1720003C02F2 /* Project object */ = {
			isa = PBXProject;
			attributes = {
				LastUpgradeCheck = 0600;
			};
			buildConfigurationList = E4B69B4D0A3A1720003C02F2 /* Build configuration list for PBXProject "ApproachingStar" */;
			compatibilityVersion = "Xcode 3.2";
			developmentRegion = English;
			hasScannedForEncodings = 0;
			knownRegions = (
				English,
				Japanese,
				French,
				German,
			);
			mainGroup = E4B69B4A0A3A1720003C02F2;
			productRefGroup = E4B69B4A0A3A1720003C02F2;
			projectDirPath = "";
			projectReferences = (
				{
					ProductGroup = E4328144138ABC890047C5CB /* Products */;
					ProjectRef = E4328143138ABC890047C5CB /* openFrameworksLib.xcodeproj */;
				},
			);
			projectRoot = "";
			targets = (
				E4B69B5A0A3A1756003C02F2 /* ApproachingStar */,
			);
		};
/* End PBXProject section */

/* Begin PBXReferenceProxy section */
		E4328148138ABC890047C5CB /* openFrameworksDebug.a */ = {
			isa = PBXReferenceProxy;
			fileType = archive.ar;
			path = openFrameworksDebug.a;
			remoteRef = E4328147138ABC890047C5CB /* PBXContainerItemProxy */;
			sourceTree = BUILT_PRODUCTS_DIR;
		};
/* End PBXReferenceProxy section */

/* Begin PBXShellScriptBuildPhase section */
		8466F1851C04CA0E00918B1C /* ShellScript */ = {
			isa = PBXShellScriptBuildPhase;
			buildActionMask = 12;
			files = (
			);
			inputPaths = (
			);
			outputPaths = (
			);
			runOnlyForDeploymentPostprocessing = 0;
			shellPath = /bin/sh;
			shellScript = "echo \"$GCC_PREPROCESSOR_DEFINITIONS\";\nAPPSTORE=`expr \"$GCC_PREPROCESSOR_DEFINITIONS\" : \".*APPSTORE=\\([0-9]*\\)\"`\nif [ -z \"$APPSTORE\" ] ; then\necho \"Note: Not copying bin/data to App Package or doing App Code signing. Use AppStore target for AppStore distribution\";\nelse\n# Copy bin/data into App/Resources\nrsync -avz --exclude='.DS_Store' \"${SRCROOT}/bin/data/\" \"${TARGET_BUILD_DIR}/${UNLOCALIZED_RESOURCES_FOLDER_PATH}/data/\"\n\n# ---- Code Sign App Package ----\n\n# WARNING: You may have to run Clean in Xcode after changing CODE_SIGN_IDENTITY!\n\n# Verify that $CODE_SIGN_IDENTITY is set\nif [ -z \"${CODE_SIGN_IDENTITY}\" ] ; then\necho \"CODE_SIGN_IDENTITY needs to be set for framework code-signing\"\nexit 0\nfi\n\nif [ -z \"${CODE_SIGN_ENTITLEMENTS}\" ] ; then\necho \"CODE_SIGN_ENTITLEMENTS needs to be set for framework code-signing!\"\n\nif [ \"${CONFIGURATION}\" = \"Release\" ] ; then\nexit 1\nelse\n# Code-signing is optional for non-release builds.\nexit 0\nfi\nfi\n\nITEMS=\"\"\n\nFRAMEWORKS_DIR=\"${TARGET_BUILD_DIR}/${FRAMEWORKS_FOLDER_PATH}\"\necho \"$FRAMEWORKS_DIR\"\nif [ -d \"$FRAMEWORKS_DIR\" ] ; then\nFRAMEWORKS=$(find \"${FRAMEWORKS_DIR}\" -depth -type d -name \"*.framework\" -or -name \"*.dylib\" -or -name \"*.bundle\" | sed -e \"s/\\(.*framework\\)/\\1\\/Versions\\/A\\//\")\nRESULT=$?\nif [[ $RESULT != 0 ]] ; then\nexit 1\nfi\n\nITEMS=\"${FRAMEWORKS}\"\nfi\n\nLOGINITEMS_DIR=\"${TARGET_BUILD_DIR}/${CONTENTS_FOLDER_PATH}/Library/LoginItems/\"\nif [ -d \"$LOGINITEMS_DIR\" ] ; then\nLOGINITEMS=$(find \"${LOGINITEMS_DIR}\" -depth -type d -name \"*.app\")\nRESULT=$?\nif [[ $RESULT != 0 ]] ; then\nexit 1\nfi\n\nITEMS=\"${ITEMS}\"$'\\n'\"${LOGINITEMS}\"\nfi\n\n# Prefer the expanded name, if available.\nCODE_SIGN_IDENTITY_FOR_ITEMS=\"${EXPANDED_CODE_SIGN_IDENTITY_NAME}\"\nif [ \"${CODE_SIGN_IDENTITY_FOR_ITEMS}\" = \"\" ] ; then\n# Fall back to old behavior.\nCODE_SIGN_IDENTITY_FOR_ITEMS=\"${CODE_SIGN_IDENTITY}\"\nfi\n\necho \"Identity:\"\necho \"${CODE_SIGN_IDENTITY_FOR_ITEMS}\"\n\necho \"Entitlements:\"\necho \"${CODE_SIGN_ENTITLEMENTS}\"\n\necho \"Found:\"\necho \"${ITEMS}\"\n\n# Change the Internal Field Separator (IFS) so that spaces in paths will not cause problems below.\nSAVED_IFS=$IFS\nIFS=$(echo -en \"\\n\\b\")\n\n# Loop through all items.\nfor ITEM in $ITEMS;\ndo\necho \"Signing '${ITEM}'\"\ncodesign --force --verbose --sign \"${CODE_SIGN_IDENTITY_FOR_ITEMS}\" --entitlements \"${CODE_SIGN_ENTITLEMENTS}\" \"${ITEM}\"\nRESULT=$?\nif [[ $RESULT != 0 ]] ; then\necho \"Failed to sign '${ITEM}'.\"\nIFS=$SAVED_IFS\nexit 1\nfi\ndone\n\n# Restore $IFS.\nIFS=$SAVED_IFS\n\nfi\n";
		};
		E4B6FFFD0C3F9AB9008CF71C /* ShellScript */ = {
			isa = PBXShellScriptBuildPhase;
			buildActionMask = 2147483647;
			files = (
			);
			inputPaths = (
			);
			outputPaths = (
			);
			runOnlyForDeploymentPostprocessing = 0;
			shellPath = /bin/sh;
			shellScript = "mkdir -p \"$TARGET_BUILD_DIR/$PRODUCT_NAME.app/Contents/Resources/\"\n# Copy default icon file into App/Resources\nrsync -aved \"$ICON_FILE\" \"$TARGET_BUILD_DIR/$PRODUCT_NAME.app/Contents/Resources/\"\n# Copy libfmod and change install directory for fmod to run\nrsync -aved \"$OF_PATH/libs/fmodex/lib/osx/libfmodex.dylib\" \"$TARGET_BUILD_DIR/$PRODUCT_NAME.app/Contents/Frameworks/\";\ninstall_name_tool -change @executable_path/libfmodex.dylib @executable_path/../Frameworks/libfmodex.dylib \"$TARGET_BUILD_DIR/$PRODUCT_NAME.app/Contents/MacOS/$PRODUCT_NAME\";\n\necho \"$GCC_PREPROCESSOR_DEFINITIONS\";\n# Copy the Resources to the App directory\ncp -r bin/data \"$TARGET_BUILD_DIR/$PRODUCT_NAME.app/Contents/Resources\";\n";
		};
/* End PBXShellScriptBuildPhase section */

/* Begin PBXSourcesBuildPhase section */
		E4B69B580A3A1756003C02F2 /* Sources */ = {
			isa = PBXSourcesBuildPhase;
			buildActionMask = 2147483647;
			files = (
				E4B69E200A3A1BDC003C02F2 /* main.cpp in Sources */,
				E4B69E210A3A1BDC003C02F2 /* ofApp.cpp in Sources */,
				F5E999528FCAE9D6A35EDC9D /* ofxAutoReloadedShader.cpp in Sources */,
				1040A326F7C9696C621857AD /* easing_terms_of_use.html in Sources */,
				1A80A2FAA8198A92D6E6951D /* ofxXmlPoco.cpp in Sources */,
			);
			runOnlyForDeploymentPostprocessing = 0;
		};
/* End PBXSourcesBuildPhase section */

/* Begin PBXTargetDependency section */
		E4EEB9AC138B136A00A80321 /* PBXTargetDependency */ = {
			isa = PBXTargetDependency;
			name = openFrameworks;
			targetProxy = E4EEB9AB138B136A00A80321 /* PBXContainerItemProxy */;
		};
/* End PBXTargetDependency section */

/* Begin XCBuildConfiguration section */
		99FA3DBB1C7456C400CFA0EE /* AppStore */ = {
			isa = XCBuildConfiguration;
			baseConfigurationReference = E4EB6923138AFD0F00A09F29 /* Project.xcconfig */;
			buildSettings = {
				CONFIGURATION_BUILD_DIR = "$(SRCROOT)/bin/";
				COPY_PHASE_STRIP = YES;
				DEAD_CODE_STRIPPING = YES;
				GCC_AUTO_VECTORIZATION = YES;
				GCC_ENABLE_SSE3_EXTENSIONS = YES;
				GCC_ENABLE_SUPPLEMENTAL_SSE3_INSTRUCTIONS = YES;
				GCC_INLINES_ARE_PRIVATE_EXTERN = NO;
				GCC_OPTIMIZATION_LEVEL = 3;
				"GCC_PREPROCESSOR_DEFINITIONS[arch=*]" = "DISTRIBUTION=1";
				GCC_SYMBOLS_PRIVATE_EXTERN = NO;
				GCC_UNROLL_LOOPS = YES;
				GCC_WARN_ABOUT_DEPRECATED_FUNCTIONS = YES;
				GCC_WARN_ABOUT_INVALID_OFFSETOF_MACRO = NO;
				GCC_WARN_ALLOW_INCOMPLETE_PROTOCOL = NO;
				GCC_WARN_UNINITIALIZED_AUTOS = NO;
				GCC_WARN_UNUSED_VALUE = NO;
				GCC_WARN_UNUSED_VARIABLE = NO;
				HEADER_SEARCH_PATHS = (
					"$(OF_CORE_HEADERS)",
					../../../of_v0.10.0_osx_release/addons/ofxAutoReloadedShader/src,
					../../../of_v0.10.0_osx_release/addons/ofxEasing/src,
					../../../of_v0.10.0_osx_release/addons/ofxPoco/libs/poco/include,
					../../../of_v0.10.0_osx_release/addons/ofxPoco/src,
					../../../of_v0.10.0_osx_release/addons/ofxPoco/libs/openssl/include,
				);
				MACOSX_DEPLOYMENT_TARGET = 10.9;
				OTHER_CPLUSPLUSFLAGS = (
					"-D__MACOSX_CORE__",
					"-mtune=native",
				);
				OTHER_LDFLAGS = (
					"$(OF_CORE_FRAMEWORKS)",
					"$(OF_CORE_LIBS)",
					../../../of_v0.10.0_osx_release/addons/ofxPoco/libs/poco/lib/osx/PocoNetSSL.a,
					../../../of_v0.10.0_osx_release/addons/ofxPoco/libs/poco/lib/osx/PocoNet.a,
					../../../of_v0.10.0_osx_release/addons/ofxPoco/libs/poco/lib/osx/PocoCrypto.a,
					../../../of_v0.10.0_osx_release/addons/ofxPoco/libs/poco/lib/osx/PocoUtil.a,
					../../../of_v0.10.0_osx_release/addons/ofxPoco/libs/poco/lib/osx/PocoJSON.a,
					../../../of_v0.10.0_osx_release/addons/ofxPoco/libs/poco/lib/osx/PocoXML.a,
					../../../of_v0.10.0_osx_release/addons/ofxPoco/libs/poco/lib/osx/PocoFoundation.a,
					../../../of_v0.10.0_osx_release/addons/ofxPoco/libs/openssl/lib/osx/crypto.a,
					../../../of_v0.10.0_osx_release/addons/ofxPoco/libs/openssl/lib/osx/ssl.a,
				);
				SDKROOT = macosx;
			};
			name = AppStore;
		};
		99FA3DBC1C7456C400CFA0EE /* AppStore */ = {
			isa = XCBuildConfiguration;
			baseConfigurationReference = E4EB6923138AFD0F00A09F29 /* Project.xcconfig */;
			buildSettings = {
				COMBINE_HIDPI_IMAGES = YES;
				COPY_PHASE_STRIP = YES;
				FRAMEWORK_SEARCH_PATHS = "$(inherited)";
				GCC_GENERATE_DEBUGGING_SYMBOLS = YES;
				GCC_MODEL_TUNING = NONE;
				"GCC_PREPROCESSOR_DEFINITIONS[arch=*]" = "APPSTORE=1";
				HEADER_SEARCH_PATHS = (
					"$(OF_CORE_HEADERS)",
					../../../of_v0.10.0_osx_release/addons/ofxAutoReloadedShader/src,
					../../../of_v0.10.0_osx_release/addons/ofxEasing/src,
					../../../of_v0.10.0_osx_release/addons/ofxPoco/libs/poco/include,
					../../../of_v0.10.0_osx_release/addons/ofxPoco/src,
					../../../of_v0.10.0_osx_release/addons/ofxPoco/libs/openssl/include,
				);
				ICON = "$(ICON_NAME_RELEASE)";
				ICON_FILE = "$(ICON_FILE_PATH)$(ICON)";
				INFOPLIST_FILE = "openFrameworks-Info.plist";
				INSTALL_PATH = /Applications;
				LIBRARY_SEARCH_PATHS = "$(inherited)";
				OTHER_LDFLAGS = (
					"$(OF_CORE_FRAMEWORKS)",
					"$(OF_CORE_LIBS)",
					../../../of_v0.10.0_osx_release/addons/ofxPoco/libs/poco/lib/osx/PocoNetSSL.a,
					../../../of_v0.10.0_osx_release/addons/ofxPoco/libs/poco/lib/osx/PocoNet.a,
					../../../of_v0.10.0_osx_release/addons/ofxPoco/libs/poco/lib/osx/PocoCrypto.a,
					../../../of_v0.10.0_osx_release/addons/ofxPoco/libs/poco/lib/osx/PocoUtil.a,
					../../../of_v0.10.0_osx_release/addons/ofxPoco/libs/poco/lib/osx/PocoJSON.a,
					../../../of_v0.10.0_osx_release/addons/ofxPoco/libs/poco/lib/osx/PocoXML.a,
					../../../of_v0.10.0_osx_release/addons/ofxPoco/libs/poco/lib/osx/PocoFoundation.a,
					../../../of_v0.10.0_osx_release/addons/ofxPoco/libs/openssl/lib/osx/crypto.a,
					../../../of_v0.10.0_osx_release/addons/ofxPoco/libs/openssl/lib/osx/ssl.a,
				);
				PRODUCT_NAME = "$(TARGET_NAME)";
				WRAPPER_EXTENSION = app;
				baseConfigurationReference = E4EB6923138AFD0F00A09F29;
			};
			name = AppStore;
		};
		E4B69B4E0A3A1720003C02F2 /* Debug */ = {
			isa = XCBuildConfiguration;
			baseConfigurationReference = E4EB6923138AFD0F00A09F29 /* Project.xcconfig */;
			buildSettings = {
				CONFIGURATION_BUILD_DIR = "$(SRCROOT)/bin/";
				COPY_PHASE_STRIP = NO;
				DEAD_CODE_STRIPPING = YES;
				GCC_AUTO_VECTORIZATION = YES;
				GCC_ENABLE_SSE3_EXTENSIONS = YES;
				GCC_ENABLE_SUPPLEMENTAL_SSE3_INSTRUCTIONS = YES;
				GCC_INLINES_ARE_PRIVATE_EXTERN = NO;
				GCC_OPTIMIZATION_LEVEL = 0;
				GCC_SYMBOLS_PRIVATE_EXTERN = NO;
				GCC_WARN_ABOUT_DEPRECATED_FUNCTIONS = YES;
				GCC_WARN_ABOUT_INVALID_OFFSETOF_MACRO = NO;
				GCC_WARN_ALLOW_INCOMPLETE_PROTOCOL = NO;
				GCC_WARN_UNINITIALIZED_AUTOS = NO;
				GCC_WARN_UNUSED_VALUE = NO;
				GCC_WARN_UNUSED_VARIABLE = NO;
				HEADER_SEARCH_PATHS = (
					"$(OF_CORE_HEADERS)",
					../../../of_v0.10.0_osx_release/addons/ofxAutoReloadedShader/src,
					../../../of_v0.10.0_osx_release/addons/ofxEasing/src,
					../../../of_v0.10.0_osx_release/addons/ofxPoco/libs/poco/include,
					../../../of_v0.10.0_osx_release/addons/ofxPoco/src,
					../../../of_v0.10.0_osx_release/addons/ofxPoco/libs/openssl/include,
				);
				MACOSX_DEPLOYMENT_TARGET = 10.9;
				ONLY_ACTIVE_ARCH = YES;
				OTHER_CPLUSPLUSFLAGS = (
					"-D__MACOSX_CORE__",
					"-mtune=native",
				);
				OTHER_LDFLAGS = (
					"$(OF_CORE_FRAMEWORKS)",
					"$(OF_CORE_LIBS)",
					../../../of_v0.10.0_osx_release/addons/ofxPoco/libs/poco/lib/osx/PocoNetSSL.a,
					../../../of_v0.10.0_osx_release/addons/ofxPoco/libs/poco/lib/osx/PocoNet.a,
					../../../of_v0.10.0_osx_release/addons/ofxPoco/libs/poco/lib/osx/PocoCrypto.a,
					../../../of_v0.10.0_osx_release/addons/ofxPoco/libs/poco/lib/osx/PocoUtil.a,
					../../../of_v0.10.0_osx_release/addons/ofxPoco/libs/poco/lib/osx/PocoJSON.a,
					../../../of_v0.10.0_osx_release/addons/ofxPoco/libs/poco/lib/osx/PocoXML.a,
					../../../of_v0.10.0_osx_release/addons/ofxPoco/libs/poco/lib/osx/PocoFoundation.a,
					../../../of_v0.10.0_osx_release/addons/ofxPoco/libs/openssl/lib/osx/crypto.a,
					../../../of_v0.10.0_osx_release/addons/ofxPoco/libs/openssl/lib/osx/ssl.a,
				);
				SDKROOT = macosx;
			};
			name = Debug;
		};
		E4B69B4F0A3A1720003C02F2 /* Release */ = {
			isa = XCBuildConfiguration;
			baseConfigurationReference = E4EB6923138AFD0F00A09F29 /* Project.xcconfig */;
			buildSettings = {
				CONFIGURATION_BUILD_DIR = "$(SRCROOT)/bin/";
				COPY_PHASE_STRIP = YES;
				DEAD_CODE_STRIPPING = YES;
				GCC_AUTO_VECTORIZATION = YES;
				GCC_ENABLE_SSE3_EXTENSIONS = YES;
				GCC_ENABLE_SUPPLEMENTAL_SSE3_INSTRUCTIONS = YES;
				GCC_INLINES_ARE_PRIVATE_EXTERN = NO;
				GCC_OPTIMIZATION_LEVEL = 3;
				GCC_SYMBOLS_PRIVATE_EXTERN = NO;
				GCC_UNROLL_LOOPS = YES;
				GCC_WARN_ABOUT_DEPRECATED_FUNCTIONS = YES;
				GCC_WARN_ABOUT_INVALID_OFFSETOF_MACRO = NO;
				GCC_WARN_ALLOW_INCOMPLETE_PROTOCOL = NO;
				GCC_WARN_UNINITIALIZED_AUTOS = NO;
				GCC_WARN_UNUSED_VALUE = NO;
				GCC_WARN_UNUSED_VARIABLE = NO;
				HEADER_SEARCH_PATHS = (
					"$(OF_CORE_HEADERS)",
					../../../of_v0.10.0_osx_release/addons/ofxAutoReloadedShader/src,
					../../../of_v0.10.0_osx_release/addons/ofxEasing/src,
					../../../of_v0.10.0_osx_release/addons/ofxPoco/libs/poco/include,
					../../../of_v0.10.0_osx_release/addons/ofxPoco/src,
					../../../of_v0.10.0_osx_release/addons/ofxPoco/libs/openssl/include,
				);
				MACOSX_DEPLOYMENT_TARGET = 10.9;
				OTHER_CPLUSPLUSFLAGS = (
					"-D__MACOSX_CORE__",
					"-mtune=native",
				);
				OTHER_LDFLAGS = (
					"$(OF_CORE_FRAMEWORKS)",
					"$(OF_CORE_LIBS)",
					../../../of_v0.10.0_osx_release/addons/ofxPoco/libs/poco/lib/osx/PocoNetSSL.a,
					../../../of_v0.10.0_osx_release/addons/ofxPoco/libs/poco/lib/osx/PocoNet.a,
					../../../of_v0.10.0_osx_release/addons/ofxPoco/libs/poco/lib/osx/PocoCrypto.a,
					../../../of_v0.10.0_osx_release/addons/ofxPoco/libs/poco/lib/osx/PocoUtil.a,
					../../../of_v0.10.0_osx_release/addons/ofxPoco/libs/poco/lib/osx/PocoJSON.a,
					../../../of_v0.10.0_osx_release/addons/ofxPoco/libs/poco/lib/osx/PocoXML.a,
					../../../of_v0.10.0_osx_release/addons/ofxPoco/libs/poco/lib/osx/PocoFoundation.a,
					../../../of_v0.10.0_osx_release/addons/ofxPoco/libs/openssl/lib/osx/crypto.a,
					../../../of_v0.10.0_osx_release/addons/ofxPoco/libs/openssl/lib/osx/ssl.a,
				);
				SDKROOT = macosx;
			};
			name = Release;
		};
		E4B69B600A3A1757003C02F2 /* Debug */ = {
			isa = XCBuildConfiguration;
			baseConfigurationReference = E4EB6923138AFD0F00A09F29 /* Project.xcconfig */;
			buildSettings = {
				COMBINE_HIDPI_IMAGES = YES;
				COPY_PHASE_STRIP = NO;
				FRAMEWORK_SEARCH_PATHS = "$(inherited)";
				GCC_DYNAMIC_NO_PIC = NO;
				GCC_GENERATE_DEBUGGING_SYMBOLS = YES;
				GCC_MODEL_TUNING = NONE;
				HEADER_SEARCH_PATHS = (
					"$(OF_CORE_HEADERS)",
					../../../of_v0.10.0_osx_release/addons/ofxAutoReloadedShader/src,
					../../../of_v0.10.0_osx_release/addons/ofxEasing/src,
					../../../of_v0.10.0_osx_release/addons/ofxPoco/libs/poco/include,
					../../../of_v0.10.0_osx_release/addons/ofxPoco/src,
					../../../of_v0.10.0_osx_release/addons/ofxPoco/libs/openssl/include,
				);
				ICON = "$(ICON_NAME_DEBUG)";
				ICON_FILE = "$(ICON_FILE_PATH)$(ICON)";
				INFOPLIST_FILE = "openFrameworks-Info.plist";
				INSTALL_PATH = /Applications;
				LIBRARY_SEARCH_PATHS = "$(inherited)";
				OTHER_LDFLAGS = (
					"$(OF_CORE_FRAMEWORKS)",
					"$(OF_CORE_LIBS)",
					../../../of_v0.10.0_osx_release/addons/ofxPoco/libs/poco/lib/osx/PocoNetSSL.a,
					../../../of_v0.10.0_osx_release/addons/ofxPoco/libs/poco/lib/osx/PocoNet.a,
					../../../of_v0.10.0_osx_release/addons/ofxPoco/libs/poco/lib/osx/PocoCrypto.a,
					../../../of_v0.10.0_osx_release/addons/ofxPoco/libs/poco/lib/osx/PocoUtil.a,
					../../../of_v0.10.0_osx_release/addons/ofxPoco/libs/poco/lib/osx/PocoJSON.a,
					../../../of_v0.10.0_osx_release/addons/ofxPoco/libs/poco/lib/osx/PocoXML.a,
					../../../of_v0.10.0_osx_release/addons/ofxPoco/libs/poco/lib/osx/PocoFoundation.a,
					../../../of_v0.10.0_osx_release/addons/ofxPoco/libs/openssl/lib/osx/crypto.a,
					../../../of_v0.10.0_osx_release/addons/ofxPoco/libs/openssl/lib/osx/ssl.a,
				);
				PRODUCT_NAME = "$(TARGET_NAME)Debug";
				WRAPPER_EXTENSION = app;
			};
			name = Debug;
		};
		E4B69B610A3A1757003C02F2 /* Release */ = {
			isa = XCBuildConfiguration;
			baseConfigurationReference = E4EB6923138AFD0F00A09F29 /* Project.xcconfig */;
			buildSettings = {
				COMBINE_HIDPI_IMAGES = YES;
				COPY_PHASE_STRIP = YES;
				FRAMEWORK_SEARCH_PATHS = "$(inherited)";
				GCC_GENERATE_DEBUGGING_SYMBOLS = YES;
				GCC_MODEL_TUNING = NONE;
				HEADER_SEARCH_PATHS = (
					"$(OF_CORE_HEADERS)",
					../../../of_v0.10.0_osx_release/addons/ofxAutoReloadedShader/src,
					../../../of_v0.10.0_osx_release/addons/ofxEasing/src,
					../../../of_v0.10.0_osx_release/addons/ofxPoco/libs/poco/include,
					../../../of_v0.10.0_osx_release/addons/ofxPoco/src,
					../../../of_v0.10.0_osx_release/addons/ofxPoco/libs/openssl/include,
				);
				ICON = "$(ICON_NAME_RELEASE)";
				ICON_FILE = "$(ICON_FILE_PATH)$(ICON)";
				INFOPLIST_FILE = "openFrameworks-Info.plist";
				INSTALL_PATH = /Applications;
				LIBRARY_SEARCH_PATHS = "$(inherited)";
				OTHER_LDFLAGS = (
					"$(OF_CORE_FRAMEWORKS)",
					"$(OF_CORE_LIBS)",
					../../../of_v0.10.0_osx_release/addons/ofxPoco/libs/poco/lib/osx/PocoNetSSL.a,
					../../../of_v0.10.0_osx_release/addons/ofxPoco/libs/poco/lib/osx/PocoNet.a,
					../../../of_v0.10.0_osx_release/addons/ofxPoco/libs/poco/lib/osx/PocoCrypto.a,
					../../../of_v0.10.0_osx_release/addons/ofxPoco/libs/poco/lib/osx/PocoUtil.a,
					../../../of_v0.10.0_osx_release/addons/ofxPoco/libs/poco/lib/osx/PocoJSON.a,
					../../../of_v0.10.0_osx_release/addons/ofxPoco/libs/poco/lib/osx/PocoXML.a,
					../../../of_v0.10.0_osx_release/addons/ofxPoco/libs/poco/lib/osx/PocoFoundation.a,
					../../../of_v0.10.0_osx_release/addons/ofxPoco/libs/openssl/lib/osx/crypto.a,
					../../../of_v0.10.0_osx_release/addons/ofxPoco/libs/openssl/lib/osx/ssl.a,
				);
				PRODUCT_NAME = "$(TARGET_NAME)";
				WRAPPER_EXTENSION = app;
				baseConfigurationReference = E4EB6923138AFD0F00A09F29;
			};
			name = Release;
		};
/* End XCBuildConfiguration section */

/* Begin XCConfigurationList section */
		E4B69B4D0A3A1720003C02F2 /* Build configuration list for PBXProject "ApproachingStar" */ = {
			isa = XCConfigurationList;
			buildConfigurations = (
				E4B69B4E0A3A1720003C02F2 /* Debug */,
				E4B69B4F0A3A1720003C02F2 /* Release */,
				99FA3DBB1C7456C400CFA0EE /* AppStore */,
			);
			defaultConfigurationIsVisible = 0;
			defaultConfigurationName = Release;
		};
		E4B69B5F0A3A1757003C02F2 /* Build configuration list for PBXNativeTarget "ApproachingStar" */ = {
			isa = XCConfigurationList;
			buildConfigurations = (
				E4B69B600A3A1757003C02F2 /* Debug */,
				E4B69B610A3A1757003C02F2 /* Release */,
				99FA3DBC1C7456C400CFA0EE /* AppStore */,
			);
			defaultConfigurationIsVisible = 0;
			defaultConfigurationName = Release;
		};
/* End XCConfigurationList section */
	};
	rootObject = E4B69B4C0A3A1720003C02F2 /* Project object */;
}
